
Microsoft Visual Studio Solution File, Format Version 12.00
# Visual Studio Version 17
VisualStudioVersion = 17.0.31903.59
MinimumVisualStudioVersion = 10.0.40219.1
Project("{2150E333-8FDC-42A3-9474-1A3956D46DE8}") = "app", "app", "{B1C2D3E4-F5A6-4B7C-8D9E-0F1A2B3C4D5E}"
EndProject
Project("{FAE04EC0-301F-11D3-BF4B-00C04F79EFBC}") = "C64Emu", "app\C64Emu\C64Emu.csproj", "{C2D3E4F5-A6B7-4C8D-9E0F-1A2B3C4D5E6F}"
EndProject
Project("{2150E333-8FDC-42A3-9474-1A3956D46DE8}") = "src", "src", "{D3E4F5A6-B7C8-4D9E-0F1A-2B3C4D5E6F7A}"
EndProject
Project("{FAE04EC0-301F-11D3-BF4B-00C04F79EFBC}") = "C64.Core", "src\C64.Core\C64.Core.csproj", "{E4F5A6B7-C8D9-4E0F-1A2B-3C4D5E6F7A8B}"
EndProject
Global
	GlobalSection(SolutionConfigurationPlatforms) = preSolution
		Debug|Any CPU = Debug|Any CPU
		Release|Any CPU = Release|Any CPU
	EndGlobalSection
	GlobalSection(SolutionProperties) = preSolution
		HideSolutionNode = FALSE
	EndGlobalSection
	GlobalSection(ProjectConfigurationPlatforms) = postSolution
		{C2D3E4F5-A6B7-4C8D-9E0F-1A2B3C4D5E6F}.Debug|Any CPU.ActiveCfg = Debug|Any CPU
		{C2D3E4F5-A6B7-4C8D-9E0F-1A2B3C4D5E6F}.Debug|Any CPU.Build.0 = Debug|Any CPU
		{C2D3E4F5-A6B7-4C8D-9E0F-1A2B3C4D5E6F}.Release|Any CPU.ActiveCfg = Release|Any CPU
		{C2D3E4F5-A6B7-4C8D-9E0F-1A2B3C4D5E6F}.Release|Any CPU.Build.0 = Release|Any CPU
		{E4F5A6B7-C8D9-4E0F-1A2B-3C4D5E6F7A8B}.Debug|Any CPU.ActiveCfg = Debug|Any CPU
		{E4F5A6B7-C8D9-4E0F-1A2B-3C4D5E6F7A8B}.Debug|Any CPU.Build.0 = Debug|Any CPU
		{E4F5A6B7-C8D9-4E0F-1A2B-3C4D5E6F7A8B}.Release|Any CPU.ActiveCfg = Release|Any CPU
		{E4F5A6B7-C8D9-4E0F-1A2B-3C4D5E6F7A8B}.Release|Any CPU.Build.0 = Release|Any CPU
	EndGlobalSection
	GlobalSection(NestedProjects) = preSolution
		{C2D3E4F5-A6B7-4C8D-9E0F-1A2B3C4D5E6F} = {B1C2D3E4-F5A6-4B7C-8D9E-0F1A2B3C4D5E}
		{E4F5A6B7-C8D9-4E0F-1A2B-3C4D5E6F7A8B} = {D3E4F5A6-B7C8-4D9E-0F1A-2B3C4D5E6F7A}
	EndGlobalSection
EndGlobal
